<?xml version="1.0" encoding="utf-8"?>
<Project ToolsVersion="4.0" xmlns="http://schemas.microsoft.com/developer/msbuild/2003">
  <ItemGroup>
    <Filter Include="Source Files">
      <UniqueIdentifier>{4FC737F1-C7A5-4376-A066-2A32D752A2FF}</UniqueIdentifier>
      <Extensions>cpp;c;cc;cxx;def;odl;idl;hpj;bat;asm;asmx</Extensions>
    </Filter>
    <Filter Include="Header Files">
      <UniqueIdentifier>{93995380-89BD-4b04-88EB-625FBE52EBFB}</UniqueIdentifier>
      <Extensions>h;hh;hpp;hxx;hm;inl;inc;xsd</Extensions>
    </Filter>
    <Filter Include="Resource Files">
      <UniqueIdentifier>{67DA6AB6-F800-4c08-8B7A-83BB121AAD01}</UniqueIdentifier>
      <Extensions>rc;ico;cur;bmp;dlg;rc2;rct;bin;rgs;gif;jpg;jpeg;jpe;resx;tiff;tif;png;wav;mfcribbon-ms</Extensions>
    </Filter>
  </ItemGroup>
  <ItemGroup>
    <ClInclude Include="targetver.h">
      <Filter>Header Files</Filter>
    </ClInclude>
    <ClInclude Include="core\assert.hpp">
      <Filter>Header Files</Filter>
    </ClInclude>
    <ClInclude Include="core\compatibility.hpp">
      <Filter>Header Files</Filter>
    </ClInclude>
    <ClInclude Include="core\numeric_types.hpp">
      <Filter>Header Files</Filter>
    </ClInclude>
    <ClInclude Include="lua\State.hpp">
      <Filter>Header Files</Filter>
    </ClInclude>
    <ClInclude Include="core.hpp">
      <Filter>Header Files</Filter>
    </ClInclude>
    <ClInclude Include="string\String.hpp">
      <Filter>Header Files</Filter>
    </ClInclude>
    <ClInclude Include="string\all.hpp">
      <Filter>Header Files</Filter>
    </ClInclude>
    <ClInclude Include="string\StringView.hpp">
      <Filter>Header Files</Filter>
    </ClInclude>
    <ClInclude Include="string\util.hpp">
      <Filter>Header Files</Filter>
    </ClInclude>
    <ClInclude Include="memory\Allocator.hpp">
      <Filter>Header Files</Filter>
    </ClInclude>
    <ClInclude Include="collections\Array.hpp">
      <Filter>Header Files</Filter>
    </ClInclude>
    <ClInclude Include="memory\util.hpp">
      <Filter>Header Files</Filter>
    </ClInclude>
    <ClInclude Include="collections\Slice.hpp">
      <Filter>Header Files</Filter>
    </ClInclude>
    <ClInclude Include="hash\StringHash.hpp">
      <Filter>Header Files</Filter>
    </ClInclude>
    <ClInclude Include="collections\HashMap.hpp">
      <Filter>Header Files</Filter>
    </ClInclude>
    <ClInclude Include="gl\error_checking.hpp">
      <Filter>Header Files</Filter>
    </ClInclude>
    <ClInclude Include="gl\functions.hpp">
      <Filter>Header Files</Filter>
    </ClInclude>
    <ClInclude Include="gl\types.hpp">
      <Filter>Header Files</Filter>
    </ClInclude>
    <ClInclude Include="logging\buffer_writer.hpp">
      <Filter>Header Files</Filter>
    </ClInclude>
    <ClInclude Include="logging\log.hpp">
      <Filter>Header Files</Filter>
    </ClInclude>
    <ClInclude Include="math\vectors.hpp">
      <Filter>Header Files</Filter>
    </ClInclude>
    <ClInclude Include="util\ManualTypeId.hpp">
      <Filter>Header Files</Filter>
    </ClInclude>
    <ClInclude Include="util\template_util.hpp">
      <Filter>Header Files</Filter>
    </ClInclude>
    <ClInclude Include="util\tuple_util.hpp">
      <Filter>Header Files</Filter>
    </ClInclude>
    <ClInclude Include="util\ZipIterator.hpp">
      <Filter>Header Files</Filter>
    </ClInclude>
    <ClInclude Include="collections\Queue.hpp">
      <Filter>Header Files</Filter>
    </ClInclude>
    <ClInclude Include="common.hpp">
      <Filter>Header Files</Filter>
    </ClInclude>
    <ClInclude Include="util\IndexPool.hpp">
      <Filter>Header Files</Filter>
    </ClInclude>
    <ClInclude Include="util\Counter.hpp">
      <Filter>Header Files</Filter>
    </ClInclude>
    <ClInclude Include="memory\LinearAllocator.hpp">
      <Filter>Header Files</Filter>
    </ClInclude>
    <ClInclude Include="math\common.hpp">
      <Filter>Header Files</Filter>
    </ClInclude>
    <ClInclude Include="string\write_string.hpp">
      <Filter>Header Files</Filter>
    </ClInclude>
    <ClInclude Include="gl\debug.hpp">
      <Filter>Header Files</Filter>
    </ClInclude>
    <ClInclude Include="gl\meta.hpp">
      <Filter>Header Files</Filter>
    </ClInclude>
    <ClInclude Include="string\ConsoleWriter.hpp">
      <Filter>Header Files</Filter>
    </ClInclude>
    <ClInclude Include="renderer\gl44\shader.hpp">
      <Filter>Header Files</Filter>
    </ClInclude>
    <ClInclude Include="renderer\RendererBase.hpp">
      <Filter>Header Files</Filter>
    </ClInclude>
    <ClInclude Include="renderer\RendererConfig.hpp">
      <Filter>Header Files</Filter>
    </ClInclude>
    <ClInclude Include="renderer\Renderer_GL44.hpp">
      <Filter>Header Files</Filter>
    </ClInclude>
    <ClInclude Include="renderer\types.hpp">
      <Filter>Header Files</Filter>
    </ClInclude>
    <ClInclude Include="renderer\VertexLayout.hpp">
      <Filter>Header Files</Filter>
    </ClInclude>
    <ClInclude Include="io\FileStream.hpp">
      <Filter>Header Files</Filter>
    </ClInclude>
    <ClInclude Include="io\SimpleMesh.hpp">
      <Filter>Header Files</Filter>
    </ClInclude>
    <ClInclude Include="math\vector_math.hpp">
      <Filter>Header Files</Filter>
    </ClInclude>
  </ItemGroup>
  <ItemGroup>
    <ClCompile Include="core\assert.cpp">
      <Filter>Source Files</Filter>
    </ClCompile>
    <ClCompile Include="lua\State.cpp">
      <Filter>Source Files</Filter>
    </ClCompile>
    <ClCompile Include="string\String.cpp">
      <Filter>Source Files</Filter>
    </ClCompile>
    <ClCompile Include="string\StringView.cpp">
      <Filter>Source Files</Filter>
    </ClCompile>
    <ClCompile Include="string\util.cpp">
      <Filter>Source Files</Filter>
    </ClCompile>
    <ClCompile Include="logging\buffer_writer.cpp">
      <Filter>Source Files</Filter>
    </ClCompile>
    <ClCompile Include="logging\log.cpp">
      <Filter>Source Files</Filter>
    </ClCompile>
    <ClCompile Include="util\IndexPool.cpp">
      <Filter>Source Files</Filter>
    </ClCompile>
    <ClCompile Include="memory\LinearAllocator.cpp">
      <Filter>Source Files</Filter>
    </ClCompile>
    <ClCompile Include="memory\Allocator.cpp">
      <Filter>Source Files</Filter>
    </ClCompile>
    <ClCompile Include="string\write_string.cpp">
      <Filter>Source Files</Filter>
    </ClCompile>
    <ClCompile Include="renderer\gl44\shader.cpp">
      <Filter>Source Files</Filter>
    </ClCompile>
    <ClCompile Include="renderer\Renderer_GL44.cpp">
      <Filter>Source Files</Filter>
    </ClCompile>
    <ClCompile Include="renderer\VertexLayout.cpp">
      <Filter>Source Files</Filter>
    </ClCompile>
    <ClCompile Include="io\FileStream.cpp">
      <Filter>Source Files</Filter>
    </ClCompile>
    <ClCompile Include="io\SimpleMesh.cpp">
      <Filter>Source Files</Filter>
    </ClCompile>
  </ItemGroup>
  <ItemGroup>
    <None Include="collections\Array.inl">
      <Filter>Header Files</Filter>
    </None>
    <None Include="collections\HashMap.inl">
      <Filter>Header Files</Filter>
    </None>
    <None Include="collections\Queue.inl">
      <Filter>Header Files</Filter>
    </None>
  </ItemGroup>
</Project>